NeoBundleLock emmet-vim 19961fc270b5e3c318031d19fc490336cd88c1b7
NeoBundleLock jellybeans.vim 0761708c890becd3e027551068e0ae272da003e0
NeoBundleLock lightline.vim 08ab4f8196401dd38731722c9b438566da75ba1a
NeoBundleLock molokai 6255227e44d8d86e073f7aaadfacd62119d55af5
NeoBundleLock neobundle.vim b9ce3904b44af0907c3621a172a0ee5c31a5556f
NeoBundleLock neocomplcache da44ba4a92eef3860bdee2d96d755a7171889a70
NeoBundleLock neomru.vim 7df9999b841228661ff73909c5b9e34952331e22
NeoBundleLock railscasts 4e32f0421ef099ba86b66dbe65f0cf5a6a1d7e7f
NeoBundleLock surround.vim ea46fd04abbb59c4d1c17145c7e90adb8d3702b4
NeoBundleLock tcomment_vim 2a7fa3b98d7538017f2b2068b8c2661ef884de47
NeoBundleLock unite-colorscheme 3aa33866a183f7659594a3f6b66b2334eaebc6a0
NeoBundleLock unite.vim 6c5bfbe9ed550b72b5626dc3defd9f3cd09dea38
NeoBundleLock vim-colors-solarized 528a59f26d12278698bb946f8fb82a63711eec21
NeoBundleLock vim-endwise f2b664d4d492e649558dae1c3fce68a11196d7cc
NeoBundleLock vim-hybrid 90048c732a5362b1813c98f8089893b4fd2ce211
NeoBundleLock vim-indent-guides eec1b629dc4cfa3986d20f21d4b4489732cd3f5a
NeoBundleLock vim-over 4f8debe508ecd01c120be39cf55fe0f573558362
NeoBundleLock vim-ref 0cae6422c1bbda8e00f0f4135b889f07f0ab2021
NeoBundleLock vimfiler d87231f66c042d8e6d139cd0ff71af91114af49d
NeoBundleLock vimproc 98482672f888aec28ae3764e4432f7127ca8697b
